
Microsoft Visual Studio Solution File, Format Version 12.00
# Visual Studio Version 17
VisualStudioVersion = 17.4.33027.239
MinimumVisualStudioVersion = 10.0.40219.1
Project("{F2A71F9B-5D33-465A-A702-920D77279786}") = "MyFirstFSharpApp", "MyFirstFSharpApp\MyFirstFSharpApp.fsproj", "{4E2CCD0C-BC31-4C50-9BD6-7FEA8486447C}"
EndProject
Global
	GlobalSection(SolutionConfigurationPlatforms) = preSolution
		Debug|Any CPU = Debug|Any CPU
		Release|Any CPU = Release|Any CPU
	EndGlobalSection
	GlobalSection(ProjectConfigurationPlatforms) = postSolution
		{4E2CCD0C-BC31-4C50-9BD6-7FEA8486447C}.Debug|Any CPU.ActiveCfg = Debug|Any CPU
		{4E2CCD0C-BC31-4C50-9BD6-7FEA8486447C}.Debug|Any CPU.Build.0 = Debug|Any CPU
		{4E2CCD0C-BC31-4C50-9BD6-7FEA8486447C}.Release|Any CPU.ActiveCfg = Release|Any CPU
		{4E2CCD0C-BC31-4C50-9BD6-7FEA8486447C}.Release|Any CPU.Build.0 = Release|Any CPU
	EndGlobalSection
	GlobalSection(SolutionProperties) = preSolution
		HideSolutionNode = FALSE
	EndGlobalSection
	GlobalSection(ExtensibilityGlobals) = postSolution
		SolutionGuid = {298B603A-1EF0-49FF-B633-CE49EE8AAA9C}
	EndGlobalSection
EndGlobal
